// !$*UTF8*$!
{
	archiveVersion = 1;
	classes = {
	};
	objectVersion = 50;
	objects = {

/* Begin PBXBuildFile section */
		8CE14535245BBE9500521F8A /* AppDelegate.swift in Sources */ = {isa = PBXBuildFile; fileRef = 8CE14534245BBE9500521F8A /* AppDelegate.swift */; };
		8CE14537245BBE9500521F8A /* SceneDelegate.swift in Sources */ = {isa = PBXBuildFile; fileRef = 8CE14536245BBE9500521F8A /* SceneDelegate.swift */; };
		8CE14539245BBE9500521F8A /* ContentView.swift in Sources */ = {isa = PBXBuildFile; fileRef = 8CE14538245BBE9500521F8A /* ContentView.swift */; };
		8CE1453B245BBE9800521F8A /* Assets.xcassets in Resources */ = {isa = PBXBuildFile; fileRef = 8CE1453A245BBE9800521F8A /* Assets.xcassets */; };
		8CE1453E245BBE9800521F8A /* Preview Assets.xcassets in Resources */ = {isa = PBXBuildFile; fileRef = 8CE1453D245BBE9800521F8A /* Preview Assets.xcassets */; };
		8CE14541245BBE9800521F8A /* LaunchScreen.storyboard in Resources */ = {isa = PBXBuildFile; fileRef = 8CE1453F245BBE9800521F8A /* LaunchScreen.storyboard */; };
		8CE1454C245BBE9800521F8A /* CalcTests.swift in Sources */ = {isa = PBXBuildFile; fileRef = 8CE1454B245BBE9800521F8A /* CalcTests.swift */; };
		8CE14557245BBE9800521F8A /* CalcUITests.swift in Sources */ = {isa = PBXBuildFile; fileRef = 8CE14556245BBE9800521F8A /* CalcUITests.swift */; };
/* End PBXBuildFile section */

/* Begin PBXContainerItemProxy section */
		8CE14548245BBE9800521F8A /* PBXContainerItemProxy */ = {
			isa = PBXContainerItemProxy;
			containerPortal = 8CE14529245BBE9500521F8A /* Project object */;
			proxyType = 1;
			remoteGlobalIDString = 8CE14530245BBE9500521F8A;
			remoteInfo = Calc;
		};
		8CE14553245BBE9800521F8A /* PBXContainerItemProxy */ = {
			isa = PBXContainerItemProxy;
			containerPortal = 8CE14529245BBE9500521F8A /* Project object */;
			proxyType = 1;
			remoteGlobalIDString = 8CE14530245BBE9500521F8A;
			remoteInfo = Calc;
		};
/* End PBXContainerItemProxy section */

/* Begin PBXFileReference section */
		8CE14531245BBE9500521F8A /* Calc.app */ = {isa = PBXFileReference; explicitFileType = wrapper.application; includeInIndex = 0; path = Calc.app; sourceTree = BUILT_PRODUCTS_DIR; };
		8CE14534245BBE9500521F8A /* AppDelegate.swift */ = {isa = PBXFileReference; lastKnownFileType = sourcecode.swift; path = AppDelegate.swift; sourceTree = "<group>"; };
		8CE14536245BBE9500521F8A /* SceneDelegate.swift */ = {isa = PBXFileReference; lastKnownFileType = sourcecode.swift; path = SceneDelegate.swift; sourceTree = "<group>"; };
		8CE14538245BBE9500521F8A /* ContentView.swift */ = {isa = PBXFileReference; lastKnownFileType = sourcecode.swift; path = ContentView.swift; sourceTree = "<group>"; };
		8CE1453A245BBE9800521F8A /* Assets.xcassets */ = {isa = PBXFileReference; lastKnownFileType = folder.assetcatalog; path = Assets.xcassets; sourceTree = "<group>"; };
		8CE1453D245BBE9800521F8A /* Preview Assets.xcassets */ = {isa = PBXFileReference; lastKnownFileType = folder.assetcatalog; path = "Preview Assets.xcassets"; sourceTree = "<group>"; };
		8CE14540245BBE9800521F8A /* Base */ = {isa = PBXFileReference; lastKnownFileType = file.storyboard; name = Base; path = Base.lproj/LaunchScreen.storyboard; sourceTree = "<group>"; };
		8CE14542245BBE9800521F8A /* Info.plist */ = {isa = PBXFileReference; lastKnownFileType = text.plist.xml; path = Info.plist; sourceTree = "<group>"; };
		8CE14547245BBE9800521F8A /* CalcTests.xctest */ = {isa = PBXFileReference; explicitFileType = wrapper.cfbundle; includeInIndex = 0; path = CalcTests.xctest; sourceTree = BUILT_PRODUCTS_DIR; };
		8CE1454B245BBE9800521F8A /* CalcTests.swift */ = {isa = PBXFileReference; lastKnownFileType = sourcecode.swift; path = CalcTests.swift; sourceTree = "<group>"; };
		8CE1454D245BBE9800521F8A /* Info.plist */ = {isa = PBXFileReference; lastKnownFileType = text.plist.xml; path = Info.plist; sourceTree = "<group>"; };
		8CE14552245BBE9800521F8A /* CalcUITests.xctest */ = {isa = PBXFileReference; explicitFileType = wrapper.cfbundle; includeInIndex = 0; path = CalcUITests.xctest; sourceTree = BUILT_PRODUCTS_DIR; };
		8CE14556245BBE9800521F8A /* CalcUITests.swift */ = {isa = PBXFileReference; lastKnownFileType = sourcecode.swift; path = CalcUITests.swift; sourceTree = "<group>"; };
		8CE14558245BBE9800521F8A /* Info.plist */ = {isa = PBXFileReference; lastKnownFileType = text.plist.xml; path = Info.plist; sourceTree = "<group>"; };
/* End PBXFileReference section */

/* Begin PBXFrameworksBuildPhase section */
		8CE1452E245BBE9500521F8A /* Frameworks */ = {
			isa = PBXFrameworksBuildPhase;
			buildActionMask = 2147483647;
			files = (
			);
			runOnlyForDeploymentPostprocessing = 0;
		};
		8CE14544245BBE9800521F8A /* Frameworks */ = {
			isa = PBXFrameworksBuildPhase;
			buildActionMask = 2147483647;
			files = (
			);
			runOnlyForDeploymentPostprocessing = 0;
		};
		8CE1454F245BBE9800521F8A /* Frameworks */ = {
			isa = PBXFrameworksBuildPhase;
			buildActionMask = 2147483647;
			files = (
			);
			runOnlyForDeploymentPostprocessing = 0;
		};
/* End PBXFrameworksBuildPhase section */

/* Begin PBXGroup section */
		8CE14528245BBE9500521F8A = {
			isa = PBXGroup;
			children = (
				8CE14533245BBE9500521F8A /* Calc */,
				8CE1454A245BBE9800521F8A /* CalcTests */,
				8CE14555245BBE9800521F8A /* CalcUITests */,
				8CE14532245BBE9500521F8A /* Products */,
			);
			sourceTree = "<group>";
		};
		8CE14532245BBE9500521F8A /* Products */ = {
			isa = PBXGroup;
			children = (
				8CE14531245BBE9500521F8A /* Calc.app */,
				8CE14547245BBE9800521F8A /* CalcTests.xctest */,
				8CE14552245BBE9800521F8A /* CalcUITests.xctest */,
			);
			name = Products;
			sourceTree = "<group>";
		};
		8CE14533245BBE9500521F8A /* Calc */ = {
			isa = PBXGroup;
			children = (
				8CE14534245BBE9500521F8A /* AppDelegate.swift */,
				8CE14536245BBE9500521F8A /* SceneDelegate.swift */,
				8CE14538245BBE9500521F8A /* ContentView.swift */,
				8CE1453A245BBE9800521F8A /* Assets.xcassets */,
				8CE1453F245BBE9800521F8A /* LaunchScreen.storyboard */,
				8CE14542245BBE9800521F8A /* Info.plist */,
				8CE1453C245BBE9800521F8A /* Preview Content */,
			);
			path = Calc;
			sourceTree = "<group>";
		};
		8CE1453C245BBE9800521F8A /* Preview Content */ = {
			isa = PBXGroup;
			children = (
				8CE1453D245BBE9800521F8A /* Preview Assets.xcassets */,
			);
			path = "Preview Content";
			sourceTree = "<group>";
		};
		8CE1454A245BBE9800521F8A /* CalcTests */ = {
			isa = PBXGroup;
			children = (
				8CE1454B245BBE9800521F8A /* CalcTests.swift */,
				8CE1454D245BBE9800521F8A /* Info.plist */,
			);
			path = CalcTests;
			sourceTree = "<group>";
		};
		8CE14555245BBE9800521F8A /* CalcUITests */ = {
			isa = PBXGroup;
			children = (
				8CE14556245BBE9800521F8A /* CalcUITests.swift */,
				8CE14558245BBE9800521F8A /* Info.plist */,
			);
			path = CalcUITests;
			sourceTree = "<group>";
		};
/* End PBXGroup section */

/* Begin PBXNativeTarget section */
		8CE14530245BBE9500521F8A /* Calc */ = {
			isa = PBXNativeTarget;
			buildConfigurationList = 8CE1455B245BBE9800521F8A /* Build configuration list for PBXNativeTarget "Calc" */;
			buildPhases = (
				8CE1452D245BBE9500521F8A /* Sources */,
				8CE1452E245BBE9500521F8A /* Frameworks */,
				8CE1452F245BBE9500521F8A /* Resources */,
			);
			buildRules = (
			);
			dependencies = (
			);
			name = Calc;
			productName = Calc;
			productReference = 8CE14531245BBE9500521F8A /* Calc.app */;
			productType = "com.apple.product-type.application";
		};
		8CE14546245BBE9800521F8A /* CalcTests */ = {
			isa = PBXNativeTarget;
			buildConfigurationList = 8CE1455E245BBE9800521F8A /* Build configuration list for PBXNativeTarget "CalcTests" */;
			buildPhases = (
				8CE14543245BBE9800521F8A /* Sources */,
				8CE14544245BBE9800521F8A /* Frameworks */,
				8CE14545245BBE9800521F8A /* Resources */,
			);
			buildRules = (
			);
			dependencies = (
				8CE14549245BBE9800521F8A /* PBXTargetDependency */,
			);
			name = CalcTests;
			productName = CalcTests;
			productReference = 8CE14547245BBE9800521F8A /* CalcTests.xctest */;
			productType = "com.apple.product-type.bundle.unit-test";
		};
		8CE14551245BBE9800521F8A /* CalcUITests */ = {
			isa = PBXNativeTarget;
			buildConfigurationList = 8CE14561245BBE9800521F8A /* Build configuration list for PBXNativeTarget "CalcUITests" */;
			buildPhases = (
				8CE1454E245BBE9800521F8A /* Sources */,
				8CE1454F245BBE9800521F8A /* Frameworks */,
				8CE14550245BBE9800521F8A /* Resources */,
			);
			buildRules = (
			);
			dependencies = (
				8CE14554245BBE9800521F8A /* PBXTargetDependency */,
			);
			name = CalcUITests;
			productName = CalcUITests;
			productReference = 8CE14552245BBE9800521F8A /* CalcUITests.xctest */;
			productType = "com.apple.product-type.bundle.ui-testing";
		};
/* End PBXNativeTarget section */

/* Begin PBXProject section */
		8CE14529245BBE9500521F8A /* Project object */ = {
			isa = PBXProject;
			attributes = {
				LastSwiftUpdateCheck = 1140;
				LastUpgradeCheck = 1140;
				ORGANIZATIONNAME = "Michael Mcgaughy";
				TargetAttributes = {
					8CE14530245BBE9500521F8A = {
						CreatedOnToolsVersion = 11.4.1;
					};
					8CE14546245BBE9800521F8A = {
						CreatedOnToolsVersion = 11.4.1;
						TestTargetID = 8CE14530245BBE9500521F8A;
					};
					8CE14551245BBE9800521F8A = {
						CreatedOnToolsVersion = 11.4.1;
						TestTargetID = 8CE14530245BBE9500521F8A;
					};
				};
			};
			buildConfigurationList = 8CE1452C245BBE9500521F8A /* Build configuration list for PBXProject "Calc" */;
			compatibilityVersion = "Xcode 9.3";
			developmentRegion = en;
			hasScannedForEncodings = 0;
			knownRegions = (
				en,
				Base,
			);
			mainGroup = 8CE14528245BBE9500521F8A;
			productRefGroup = 8CE14532245BBE9500521F8A /* Products */;
			projectDirPath = "";
			projectRoot = "";
			targets = (
				8CE14530245BBE9500521F8A /* Calc */,
				8CE14546245BBE9800521F8A /* CalcTests */,
				8CE14551245BBE9800521F8A /* CalcUITests */,
			);
		};
/* End PBXProject section */

/* Begin PBXResourcesBuildPhase section */
		8CE1452F245BBE9500521F8A /* Resources */ = {
			isa = PBXResourcesBuildPhase;
			buildActionMask = 2147483647;
			files = (
				8CE14541245BBE9800521F8A /* LaunchScreen.storyboard in Resources */,
				8CE1453E245BBE9800521F8A /* Preview Assets.xcassets in Resources */,
				8CE1453B245BBE9800521F8A /* Assets.xcassets in Resources */,
			);
			runOnlyForDeploymentPostprocessing = 0;
		};
		8CE14545245BBE9800521F8A /* Resources */ = {
			isa = PBXResourcesBuildPhase;
			buildActionMask = 2147483647;
			files = (
			);
			runOnlyForDeploymentPostprocessing = 0;
		};
		8CE14550245BBE9800521F8A /* Resources */ = {
			isa = PBXResourcesBuildPhase;
			buildActionMask = 2147483647;
			files = (
			);
			runOnlyForDeploymentPostprocessing = 0;
		};
/* End PBXResourcesBuildPhase section */

/* Begin PBXSourcesBuildPhase section */
		8CE1452D245BBE9500521F8A /* Sources */ = {
			isa = PBXSourcesBuildPhase;
			buildActionMask = 2147483647;
			files = (
				8CE14535245BBE9500521F8A /* AppDelegate.swift in Sources */,
				8CE14537245BBE9500521F8A /* SceneDelegate.swift in Sources */,
				8CE14539245BBE9500521F8A /* ContentView.swift in Sources */,
			);
			runOnlyForDeploymentPostprocessing = 0;
		};
		8CE14543245BBE9800521F8A /* Sources */ = {
			isa = PBXSourcesBuildPhase;
			buildActionMask = 2147483647;
			files = (
				8CE1454C245BBE9800521F8A /* CalcTests.swift in Sources */,
			);
			runOnlyForDeploymentPostprocessing = 0;
		};
		8CE1454E245BBE9800521F8A /* Sources */ = {
			isa = PBXSourcesBuildPhase;
			buildActionMask = 2147483647;
			files = (
				8CE14557245BBE9800521F8A /* CalcUITests.swift in Sources */,
			);
			runOnlyForDeploymentPostprocessing = 0;
		};
/* End PBXSourcesBuildPhase section */

/* Begin PBXTargetDependency section */
		8CE14549245BBE9800521F8A /* PBXTargetDependency */ = {
			isa = PBXTargetDependency;
			target = 8CE14530245BBE9500521F8A /* Calc */;
			targetProxy = 8CE14548245BBE9800521F8A /* PBXContainerItemProxy */;
		};
		8CE14554245BBE9800521F8A /* PBXTargetDependency */ = {
			isa = PBXTargetDependency;
			target = 8CE14530245BBE9500521F8A /* Calc */;
			targetProxy = 8CE14553245BBE9800521F8A /* PBXContainerItemProxy */;
		};
/* End PBXTargetDependency section */

/* Begin PBXVariantGroup section */
		8CE1453F245BBE9800521F8A /* LaunchScreen.storyboard */ = {
			isa = PBXVariantGroup;
			children = (
				8CE14540245BBE9800521F8A /* Base */,
			);
			name = LaunchScreen.storyboard;
			sourceTree = "<group>";
		};
/* End PBXVariantGroup section */

/* Begin XCBuildConfiguration section */
		8CE14559245BBE9800521F8A /* Debug */ = {
			isa = XCBuildConfiguration;
			buildSettings = {
				ALWAYS_SEARCH_USER_PATHS = NO;
				CLANG_ANALYZER_NONNULL = YES;
				CLANG_ANALYZER_NUMBER_OBJECT_CONVERSION = YES_AGGRESSIVE;
				CLANG_CXX_LANGUAGE_STANDARD = "gnu++14";
				CLANG_CXX_LIBRARY = "libc++";
				CLANG_ENABLE_MODULES = YES;
				CLANG_ENABLE_OBJC_ARC = YES;
				CLANG_ENABLE_OBJC_WEAK = YES;
				CLANG_WARN_BLOCK_CAPTURE_AUTORELEASING = YES;
				CLANG_WARN_BOOL_CONVERSION = YES;
				CLANG_WARN_COMMA = YES;
				CLANG_WARN_CONSTANT_CONVERSION = YES;
				CLANG_WARN_DEPRECATED_OBJC_IMPLEMENTATIONS = YES;
				CLANG_WARN_DIRECT_OBJC_ISA_USAGE = YES_ERROR;
				CLANG_WARN_DOCUMENTATION_COMMENTS = YES;
				CLANG_WARN_EMPTY_BODY = YES;
				CLANG_WARN_ENUM_CONVERSION = YES;
				CLANG_WARN_INFINITE_RECURSION = YES;
				CLANG_WARN_INT_CONVERSION = YES;
				CLANG_WARN_NON_LITERAL_NULL_CONVERSION = YES;
				CLANG_WARN_OBJC_IMPLICIT_RETAIN_SELF = YES;
				CLANG_WARN_OBJC_LITERAL_CONVERSION = YES;
				CLANG_WARN_OBJC_ROOT_CLASS = YES_ERROR;
				CLANG_WARN_RANGE_LOOP_ANALYSIS = YES;
				CLANG_WARN_STRICT_PROTOTYPES = YES;
				CLANG_WARN_SUSPICIOUS_MOVE = YES;
				CLANG_WARN_UNGUARDED_AVAILABILITY = YES_AGGRESSIVE;
				CLANG_WARN_UNREACHABLE_CODE = YES;
				CLANG_WARN__DUPLICATE_METHOD_MATCH = YES;
				COPY_PHASE_STRIP = NO;
				DEBUG_INFORMATION_FORMAT = dwarf;
				ENABLE_STRICT_OBJC_MSGSEND = YES;
				ENABLE_TESTABILITY = YES;
				GCC_C_LANGUAGE_STANDARD = gnu11;
				GCC_DYNAMIC_NO_PIC = NO;
				GCC_NO_COMMON_BLOCKS = YES;
				GCC_OPTIMIZATION_LEVEL = 0;
				GCC_PREPROCESSOR_DEFINITIONS = (
					"DEBUG=1",
					"$(inherited)",
				);
				GCC_WARN_64_TO_32_BIT_CONVERSION = YES;
				GCC_WARN_ABOUT_RETURN_TYPE = YES_ERROR;
				GCC_WARN_UNDECLARED_SELECTOR = YES;
				GCC_WARN_UNINITIALIZED_AUTOS = YES_AGGRESSIVE;
				GCC_WARN_UNUSED_FUNCTION = YES;
				GCC_WARN_UNUSED_VARIABLE = YES;
				IPHONEOS_DEPLOYMENT_TARGET = 13.4;
				MTL_ENABLE_DEBUG_INFO = INCLUDE_SOURCE;
				MTL_FAST_MATH = YES;
				ONLY_ACTIVE_ARCH = YES;
				SDKROOT = iphoneos;
				SWIFT_ACTIVE_COMPILATION_CONDITIONS = DEBUG;
				SWIFT_OPTIMIZATION_LEVEL = "-Onone";
			};
			name = Debug;
		};
		8CE1455A245BBE9800521F8A /* Release */ = {
			isa = XCBuildConfiguration;
			buildSettings = {
				ALWAYS_SEARCH_USER_PATHS = NO;
				CLANG_ANALYZER_NONNULL = YES;
				CLANG_ANALYZER_NUMBER_OBJECT_CONVERSION = YES_AGGRESSIVE;
				CLANG_CXX_LANGUAGE_STANDARD = "gnu++14";
				CLANG_CXX_LIBRARY = "libc++";
				CLANG_ENABLE_MODULES = YES;
				CLANG_ENABLE_OBJC_ARC = YES;
				CLANG_ENABLE_OBJC_WEAK = YES;
				CLANG_WARN_BLOCK_CAPTURE_AUTORELEASING = YES;
				CLANG_WARN_BOOL_CONVERSION = YES;
				CLANG_WARN_COMMA = YES;
				CLANG_WARN_CONSTANT_CONVERSION = YES;
				CLANG_WARN_DEPRECATED_OBJC_IMPLEMENTATIONS = YES;
				CLANG_WARN_DIRECT_OBJC_ISA_USAGE = YES_ERROR;
				CLANG_WARN_DOCUMENTATION_COMMENTS = YES;
				CLANG_WARN_EMPTY_BODY = YES;
				CLANG_WARN_ENUM_CONVERSION = YES;
				CLANG_WARN_INFINITE_RECURSION = YES;
				CLANG_WARN_INT_CONVERSION = YES;
				CLANG_WARN_NON_LITERAL_NULL_CONVERSION = YES;
				CLANG_WARN_OBJC_IMPLICIT_RETAIN_SELF = YES;
				CLANG_WARN_OBJC_LITERAL_CONVERSION = YES;
				CLANG_WARN_OBJC_ROOT_CLASS = YES_ERROR;
				CLANG_WARN_RANGE_LOOP_ANALYSIS = YES;
				CLANG_WARN_STRICT_PROTOTYPES = YES;
				CLANG_WARN_SUSPICIOUS_MOVE = YES;
				CLANG_WARN_UNGUARDED_AVAILABILITY = YES_AGGRESSIVE;
				CLANG_WARN_UNREACHABLE_CODE = YES;
				CLANG_WARN__DUPLICATE_METHOD_MATCH = YES;
				COPY_PHASE_STRIP = NO;
				DEBUG_INFORMATION_FORMAT = "dwarf-with-dsym";
				ENABLE_NS_ASSERTIONS = NO;
				ENABLE_STRICT_OBJC_MSGSEND = YES;
				GCC_C_LANGUAGE_STANDARD = gnu11;
				GCC_NO_COMMON_BLOCKS = YES;
				GCC_WARN_64_TO_32_BIT_CONVERSION = YES;
				GCC_WARN_ABOUT_RETURN_TYPE = YES_ERROR;
				GCC_WARN_UNDECLARED_SELECTOR = YES;
				GCC_WARN_UNINITIALIZED_AUTOS = YES_AGGRESSIVE;
				GCC_WARN_UNUSED_FUNCTION = YES;
				GCC_WARN_UNUSED_VARIABLE = YES;
				IPHONEOS_DEPLOYMENT_TARGET = 13.4;
				MTL_ENABLE_DEBUG_INFO = NO;
				MTL_FAST_MATH = YES;
				SDKROOT = iphoneos;
				SWIFT_COMPILATION_MODE = wholemodule;
				SWIFT_OPTIMIZATION_LEVEL = "-O";
				VALIDATE_PRODUCT = YES;
			};
			name = Release;
		};
		8CE1455C245BBE9800521F8A /* Debug */ = {
			isa = XCBuildConfiguration;
			buildSettings = {
				ASSETCATALOG_COMPILER_APPICON_NAME = AppIcon;
				CODE_SIGN_STYLE = Automatic;
				DEVELOPMENT_ASSET_PATHS = "\"Calc/Preview Content\"";
				ENABLE_PREVIEWS = YES;
				INFOPLIST_FILE = Calc/Info.plist;
				LD_RUNPATH_SEARCH_PATHS = (
					"$(inherited)",
					"@executable_path/Frameworks",
				);
				PRODUCT_BUNDLE_IDENTIFIER = "My-training.Calc";
				PRODUCT_NAME = "$(TARGET_NAME)";
				SWIFT_VERSION = 5.0;
				TARGETED_DEVICE_FAMILY = "1,2";
			};
			name = Debug;
		};
		8CE1455D245BBE9800521F8A /* Release */ = {
			isa = XCBuildConfiguration;
			buildSettings = {
				ASSETCATALOG_COMPILER_APPICON_NAME = AppIcon;
				CODE_SIGN_STYLE = Automatic;
				DEVELOPMENT_ASSET_PATHS = "\"Calc/Preview Content\"";
				ENABLE_PREVIEWS = YES;
				INFOPLIST_FILE = Calc/Info.plist;
				LD_RUNPATH_SEARCH_PATHS = (
					"$(inherited)",
					"@executable_path/Frameworks",
				);
				PRODUCT_BUNDLE_IDENTIFIER = "My-training.Calc";
				PRODUCT_NAME = "$(TARGET_NAME)";
				SWIFT_VERSION = 5.0;
				TARGETED_DEVICE_FAMILY = "1,2";
			};
			name = Release;
		};
		8CE1455F245BBE9800521F8A /* Debug */ = {
			isa = XCBuildConfiguration;
			buildSettings = {
				ALWAYS_EMBED_SWIFT_STANDARD_LIBRARIES = YES;
				BUNDLE_LOADER = "$(TEST_HOST)";
				CODE_SIGN_STYLE = Automatic;
				INFOPLIST_FILE = CalcTests/Info.plist;
				IPHONEOS_DEPLOYMENT_TARGET = 13.4;
				LD_RUNPATH_SEARCH_PATHS = (
					"$(inherited)",
					"@executable_path/Frameworks",
					"@loader_path/Frameworks",
				);
				PRODUCT_BUNDLE_IDENTIFIER = "My-training.CalcTests";
				PRODUCT_NAME = "$(TARGET_NAME)";
				SWIFT_VERSION = 5.0;
				TARGETED_DEVICE_FAMILY = "1,2";
				TEST_HOST = "$(BUILT_PRODUCTS_DIR)/Calc.app/Calc";
			};
			name = Debug;
		};
		8CE14560245BBE9800521F8A /* Release */ = {
			isa = XCBuildConfiguration;
			buildSettings = {
				ALWAYS_EMBED_SWIFT_STANDARD_LIBRARIES = YES;
				BUNDLE_LOADER = "$(TEST_HOST)";
				CODE_SIGN_STYLE = Automatic;
				INFOPLIST_FILE = CalcTests/Info.plist;
				IPHONEOS_DEPLOYMENT_TARGET = 13.4;
				LD_RUNPATH_SEARCH_PATHS = (
					"$(inherited)",
					"@executable_path/Frameworks",
					"@loader_path/Frameworks",
				);
				PRODUCT_BUNDLE_IDENTIFIER = "My-training.CalcTests";
				PRODUCT_NAME = "$(TARGET_NAME)";
				SWIFT_VERSION = 5.0;
				TARGETED_DEVICE_FAMILY = "1,2";
				TEST_HOST = "$(BUILT_PRODUCTS_DIR)/Calc.app/Calc";
			};
			name = Release;
		};
		8CE14562245BBE9800521F8A /* Debug */ = {
			isa = XCBuildConfiguration;
			buildSettings = {
				ALWAYS_EMBED_SWIFT_STANDARD_LIBRARIES = YES;
				CODE_SIGN_STYLE = Automatic;
				INFOPLIST_FILE = CalcUITests/Info.plist;
				LD_RUNPATH_SEARCH_PATHS = (
					"$(inherited)",
					"@executable_path/Frameworks",
					"@loader_path/Frameworks",
				);
				PRODUCT_BUNDLE_IDENTIFIER = "My-training.CalcUITests";
				PRODUCT_NAME = "$(TARGET_NAME)";
				SWIFT_VERSION = 5.0;
				TARGETED_DEVICE_FAMILY = "1,2";
				TEST_TARGET_NAME = Calc;
			};
			name = Debug;
		};
		8CE14563245BBE9800521F8A /* Release */ = {
			isa = XCBuildConfiguration;
			buildSettings = {
				ALWAYS_EMBED_SWIFT_STANDARD_LIBRARIES = YES;
				CODE_SIGN_STYLE = Automatic;
				INFOPLIST_FILE = CalcUITests/Info.plist;
				LD_RUNPATH_SEARCH_PATHS = (
					"$(inherited)",
					"@executable_path/Frameworks",
					"@loader_path/Frameworks",
				);
				PRODUCT_BUNDLE_IDENTIFIER = "My-training.CalcUITests";
				PRODUCT_NAME = "$(TARGET_NAME)";
				SWIFT_VERSION = 5.0;
				TARGETED_DEVICE_FAMILY = "1,2";
				TEST_TARGET_NAME = Calc;
			};
			name = Release;
		};
/* End XCBuildConfiguration section */

/* Begin XCConfigurationList section */
		8CE1452C245BBE9500521F8A /* Build configuration list for PBXProject "Calc" */ = {
			isa = XCConfigurationList;
			buildConfigurations = (
				8CE14559245BBE9800521F8A /* Debug */,
				8CE1455A245BBE9800521F8A /* Release */,
			);
			defaultConfigurationIsVisible = 0;
			defaultConfigurationName = Release;
		};
		8CE1455B245BBE9800521F8A /* Build configuration list for PBXNativeTarget "Calc" */ = {
			isa = XCConfigurationList;
			buildConfigurations = (
				8CE1455C245BBE9800521F8A /* Debug */,
				8CE1455D245BBE9800521F8A /* Release */,
			);
			defaultConfigurationIsVisible = 0;
			defaultConfigurationName = Release;
		};
		8CE1455E245BBE9800521F8A /* Build configuration list for PBXNativeTarget "CalcTests" */ = {
			isa = XCConfigurationList;
			buildConfigurations = (
				8CE1455F245BBE9800521F8A /* Debug */,
				8CE14560245BBE9800521F8A /* Release */,
			);
			defaultConfigurationIsVisible = 0;
			defaultConfigurationName = Release;
		};
		8CE14561245BBE9800521F8A /* Build configuration list for PBXNativeTarget "CalcUITests" */ = {
			isa = XCConfigurationList;
			buildConfigurations = (
				8CE14562245BBE9800521F8A /* Debug */,
				8CE14563245BBE9800521F8A /* Release */,
			);
			defaultConfigurationIsVisible = 0;
			defaultConfigurationName = Release;
		};
/* End XCConfigurationList section */
	};
	rootObject = 8CE14529245BBE9500521F8A /* Project object */;
}
